Microsoft Visual Studio Solution File, Format Version 12.00
# Visual Studio Version 17
VisualStudioVersion = 17.5.2.0
MinimumVisualStudioVersion = 10.0.40219.1
Project("{FAE04EC0-301F-11D3-BF4B-00C04F79EFBC}") = "Flat", "Flat.csproj", "{F72EBCFD-A48D-B0A1-6766-54D2FABB806C}"
EndProject
Global
	GlobalSection(SolutionConfigurationPlatforms) = preSolution
		Debug|Any CPU = Debug|Any CPU
		Release|Any CPU = Release|Any CPU
	EndGlobalSection
	GlobalSection(ProjectConfigurationPlatforms) = postSolution
		{F72EBCFD-A48D-B0A1-6766-54D2FABB806C}.Debug|Any CPU.ActiveCfg = Debug|Any CPU
		{F72EBCFD-A48D-B0A1-6766-54D2FABB806C}.Debug|Any CPU.Build.0 = Debug|Any CPU
		{F72EBCFD-A48D-B0A1-6766-54D2FABB806C}.Release|Any CPU.ActiveCfg = Release|Any CPU
		{F72EBCFD-A48D-B0A1-6766-54D2FABB806C}.Release|Any CPU.Build.0 = Release|Any CPU
	EndGlobalSection
	GlobalSection(SolutionProperties) = preSolution
		HideSolutionNode = FALSE
	EndGlobalSection
	GlobalSection(ExtensibilityGlobals) = postSolution
		SolutionGuid = {3E69ECDA-727C-48E4-A858-EADE512DE9F1}
	EndGlobalSection
EndGlobal
